// !$*UTF8*$!
{
	archiveVersion = 1;
	classes = {
	};
	objectVersion = 77;
	objects = {

/* Begin PBXBuildFile section */
		194272ED2D68A5EC00285D55 /* Assets.xcassets in Resources */ = {isa = PBXBuildFile; fileRef = 194272DF2D68A5EC00285D55 /* Assets.xcassets */; };
		194272EF2D68A5EC00285D55 /* LaunchScreen.storyboard in Resources */ = {isa = PBXBuildFile; fileRef = 194272E22D68A5EC00285D55 /* LaunchScreen.storyboard */; };
		194272F02D68A5EC00285D55 /* Main.storyboard in Resources */ = {isa = PBXBuildFile; fileRef = 194272E42D68A5EC00285D55 /* Main.storyboard */; };
		194272F52D68A5EC00285D55 /* AppDelegate.swift in Sources */ = {isa = PBXBuildFile; fileRef = 194272DE2D68A5EC00285D55 /* AppDelegate.swift */; };
		1942730F2D68A69F00285D55 /* NetworkService.swift in Sources */ = {isa = PBXBuildFile; fileRef = 1942730A2D68A69F00285D55 /* NetworkService.swift */; };
		194273102D68A69F00285D55 /* EndPoint.swift in Sources */ = {isa = PBXBuildFile; fileRef = 194273022D68A69F00285D55 /* EndPoint.swift */; };
		194273112D68A69F00285D55 /* NetworkLogger.swift in Sources */ = {isa = PBXBuildFile; fileRef = 194273082D68A69F00285D55 /* NetworkLogger.swift */; };
		194273122D68A69F00285D55 /* AddSwiftUiView.swift in Sources */ = {isa = PBXBuildFile; fileRef = 1942730C2D68A69F00285D55 /* AddSwiftUiView.swift */; };
		194273132D68A69F00285D55 /* HTTPMethod.swift in Sources */ = {isa = PBXBuildFile; fileRef = 194273052D68A69F00285D55 /* HTTPMethod.swift */; };
		194273142D68A69F00285D55 /* NetworkAction.swift in Sources */ = {isa = PBXBuildFile; fileRef = 194273062D68A69F00285D55 /* NetworkAction.swift */; };
		194273152D68A69F00285D55 /* ParamterEncoding.swift in Sources */ = {isa = PBXBuildFile; fileRef = 194273002D68A69F00285D55 /* ParamterEncoding.swift */; };
		194273162D68A69F00285D55 /* ErrorHandler.swift in Sources */ = {isa = PBXBuildFile; fileRef = 1942730D2D68A69F00285D55 /* ErrorHandler.swift */; };
		194273172D68A69F00285D55 /* BaseCoordinatorProtocol.swift in Sources */ = {isa = PBXBuildFile; fileRef = 194272FC2D68A69F00285D55 /* BaseCoordinatorProtocol.swift */; };
		194273182D68A69F00285D55 /* Enviroment.swift in Sources */ = {isa = PBXBuildFile; fileRef = 194273042D68A69F00285D55 /* Enviroment.swift */; };
		194273192D68A69F00285D55 /* NetworkClient.swift in Sources */ = {isa = PBXBuildFile; fileRef = 194273072D68A69F00285D55 /* NetworkClient.swift */; };
		1942731A2D68A69F00285D55 /* BaseCoordinator.swift in Sources */ = {isa = PBXBuildFile; fileRef = 194272FB2D68A69F00285D55 /* BaseCoordinator.swift */; };
		1942731B2D68A69F00285D55 /* NetworkRequestFactory.swift in Sources */ = {isa = PBXBuildFile; fileRef = 194273092D68A69F00285D55 /* NetworkRequestFactory.swift */; };
		1942731C2D68A69F00285D55 /* LoadingView.swift in Sources */ = {isa = PBXBuildFile; fileRef = 194272FE2D68A69F00285D55 /* LoadingView.swift */; };
		196C8E3E2D68BBD200CF3D61 /* BugItListVC.swift in Sources */ = {isa = PBXBuildFile; fileRef = 196C8E3D2D68BBD200CF3D61 /* BugItListVC.swift */; };
		196C8E412D68BC3200CF3D61 /* BugItListCoordinatorProtocol.swift in Sources */ = {isa = PBXBuildFile; fileRef = 196C8E402D68BC3200CF3D61 /* BugItListCoordinatorProtocol.swift */; };
		196C8E432D68BC4200CF3D61 /* BugItListCoordinator.swift in Sources */ = {isa = PBXBuildFile; fileRef = 196C8E422D68BC4200CF3D61 /* BugItListCoordinator.swift */; };
		196C8E462D68BD5D00CF3D61 /* BugItListViewModelProtocol.swift in Sources */ = {isa = PBXBuildFile; fileRef = 196C8E452D68BD5D00CF3D61 /* BugItListViewModelProtocol.swift */; };
		196C8E482D68BD6D00CF3D61 /* BugItListViewModel.swift in Sources */ = {isa = PBXBuildFile; fileRef = 196C8E472D68BD6D00CF3D61 /* BugItListViewModel.swift */; };
		196C8E4B2D68BDEB00CF3D61 /* BugListModel.swift in Sources */ = {isa = PBXBuildFile; fileRef = 196C8E4A2D68BDEB00CF3D61 /* BugListModel.swift */; };
		196C8E4D2D68BE4900CF3D61 /* BugItListViewProtocol.swift in Sources */ = {isa = PBXBuildFile; fileRef = 196C8E4C2D68BE4900CF3D61 /* BugItListViewProtocol.swift */; };
		196C8E4F2D68C08100CF3D61 /* BugItListUI.swift in Sources */ = {isa = PBXBuildFile; fileRef = 196C8E4E2D68C08100CF3D61 /* BugItListUI.swift */; };
		196C8E522D68CA6D00CF3D61 /* GoogleSheetsManager.swift in Sources */ = {isa = PBXBuildFile; fileRef = 196C8E512D68CA6D00CF3D61 /* GoogleSheetsManager.swift */; };
		196C8E552D68CD9A00CF3D61 /* GoogleSheetUseCase.swift in Sources */ = {isa = PBXBuildFile; fileRef = 196C8E542D68CD9A00CF3D61 /* GoogleSheetUseCase.swift */; };
		196C8E5A2D68DF7A00CF3D61 /* BugListRepresentableView.swift in Sources */ = {isa = PBXBuildFile; fileRef = 196C8E592D68DF7A00CF3D61 /* BugListRepresentableView.swift */; };
		196C8E5C2D68DF8700CF3D61 /* BugListTableView.swift in Sources */ = {isa = PBXBuildFile; fileRef = 196C8E5B2D68DF7D00CF3D61 /* BugListTableView.swift */; };
		196C8E5E2D68DFD200CF3D61 /* BugItemViewCell.swift in Sources */ = {isa = PBXBuildFile; fileRef = 196C8E5D2D68DFD200CF3D61 /* BugItemViewCell.swift */; };
		196C8E672D68EA3500CF3D61 /* BugDetailCoordinatorProtocol.swift in Sources */ = {isa = PBXBuildFile; fileRef = 196C8E662D68EA3500CF3D61 /* BugDetailCoordinatorProtocol.swift */; };
		196C8E692D68EA4400CF3D61 /* BugDetailCoordinator.swift in Sources */ = {isa = PBXBuildFile; fileRef = 196C8E682D68EA4400CF3D61 /* BugDetailCoordinator.swift */; };
		196C8E6B2D68EAA500CF3D61 /* BugDetailViewModelProtocol.swift in Sources */ = {isa = PBXBuildFile; fileRef = 196C8E6A2D68EA9500CF3D61 /* BugDetailViewModelProtocol.swift */; };
		196C8E6D2D68EAB100CF3D61 /* BugDetailViewModel.swift in Sources */ = {isa = PBXBuildFile; fileRef = 196C8E6C2D68EAA800CF3D61 /* BugDetailViewModel.swift */; };
		196C8E6F2D68EB1D00CF3D61 /* BugDetailView.swift in Sources */ = {isa = PBXBuildFile; fileRef = 196C8E6E2D68EB0F00CF3D61 /* BugDetailView.swift */; };
		196C8E712D68EB2F00CF3D61 /* BugDetailViewProtocol.swift in Sources */ = {isa = PBXBuildFile; fileRef = 196C8E702D68EB2100CF3D61 /* BugDetailViewProtocol.swift */; };
		196C8E732D68EB3B00CF3D61 /* BugDetailUIView.swift in Sources */ = {isa = PBXBuildFile; fileRef = 196C8E722D68EB3700CF3D61 /* BugDetailUIView.swift */; };
		196C8E752D68EBC200CF3D61 /* CustomNavigationBar.swift in Sources */ = {isa = PBXBuildFile; fileRef = 196C8E742D68EBC100CF3D61 /* CustomNavigationBar.swift */; };
		196C8E772D68F5BA00CF3D61 /* AttributedTextView.swift in Sources */ = {isa = PBXBuildFile; fileRef = 196C8E762D68F5B600CF3D61 /* AttributedTextView.swift */; };
		196C8E7A2D6903E100CF3D61 /* ImagePickerManager.swift in Sources */ = {isa = PBXBuildFile; fileRef = 196C8E792D6903D400CF3D61 /* ImagePickerManager.swift */; };
		196C8E7C2D69042E00CF3D61 /* ImagePickerManagerProtocol.swift in Sources */ = {isa = PBXBuildFile; fileRef = 196C8E7B2D69042E00CF3D61 /* ImagePickerManagerProtocol.swift */; };
		196C8E7E2D69047F00CF3D61 /* Image+Size.swift in Sources */ = {isa = PBXBuildFile; fileRef = 196C8E7D2D69047F00CF3D61 /* Image+Size.swift */; };
		196C8E802D69068100CF3D61 /* ImagePickerPermission.swift in Sources */ = {isa = PBXBuildFile; fileRef = 196C8E7F2D69068100CF3D61 /* ImagePickerPermission.swift */; };
		196C8E832D69184500CF3D61 /* FirebaseDatabase in Frameworks */ = {isa = PBXBuildFile; productRef = 196C8E822D69184500CF3D61 /* FirebaseDatabase */; };
		196C8E852D6918D300CF3D61 /* GoogleService-Info.plist in Resources */ = {isa = PBXBuildFile; fileRef = 196C8E842D6918D300CF3D61 /* GoogleService-Info.plist */; };
		196C8E872D6919F000CF3D61 /* FirebaseStorage in Frameworks */ = {isa = PBXBuildFile; productRef = 196C8E862D6919F000CF3D61 /* FirebaseStorage */; };
		196C8E8A2D691A8700CF3D61 /* FirebaseUploadManager.swift in Sources */ = {isa = PBXBuildFile; fileRef = 196C8E892D691A7C00CF3D61 /* FirebaseUploadManager.swift */; };
		196C8E8C2D6921EB00CF3D61 /* bugit-task.json in Resources */ = {isa = PBXBuildFile; fileRef = 196C8E8B2D6921EB00CF3D61 /* bugit-task.json */; };
		27C4FE61E405675F461FCBE0 /* Pods_BugItTask_BugItTaskUITests.framework in Frameworks */ = {isa = PBXBuildFile; fileRef = 0DADDD0BC2F476C155772097 /* Pods_BugItTask_BugItTaskUITests.framework */; };
		2928D524AE1864F76A69250D /* Pods_BugItTaskTests.framework in Frameworks */ = {isa = PBXBuildFile; fileRef = 0DDE95CB677D60E9A9B239AC /* Pods_BugItTaskTests.framework */; };
		89CDB43FC700ADE91E150D3D /* Pods_BugItTask.framework in Frameworks */ = {isa = PBXBuildFile; fileRef = 958A76B15F15EEB07961F123 /* Pods_BugItTask.framework */; };
/* End PBXBuildFile section */

/* Begin PBXContainerItemProxy section */
		191D11172D678B090000E8FF /* PBXContainerItemProxy */ = {
			isa = PBXContainerItemProxy;
			containerPortal = 191D10F82D678B050000E8FF /* Project object */;
			proxyType = 1;
			remoteGlobalIDString = 191D10FF2D678B050000E8FF;
			remoteInfo = BugItTask;
		};
		191D11212D678B090000E8FF /* PBXContainerItemProxy */ = {
			isa = PBXContainerItemProxy;
			containerPortal = 191D10F82D678B050000E8FF /* Project object */;
			proxyType = 1;
			remoteGlobalIDString = 191D10FF2D678B050000E8FF;
			remoteInfo = BugItTask;
		};
/* End PBXContainerItemProxy section */

/* Begin PBXFileReference section */
		0DADDD0BC2F476C155772097 /* Pods_BugItTask_BugItTaskUITests.framework */ = {isa = PBXFileReference; explicitFileType = wrapper.framework; includeInIndex = 0; path = Pods_BugItTask_BugItTaskUITests.framework; sourceTree = BUILT_PRODUCTS_DIR; };
		0DDE95CB677D60E9A9B239AC /* Pods_BugItTaskTests.framework */ = {isa = PBXFileReference; explicitFileType = wrapper.framework; includeInIndex = 0; path = Pods_BugItTaskTests.framework; sourceTree = BUILT_PRODUCTS_DIR; };
		191D11002D678B050000E8FF /* BugItTask.app */ = {isa = PBXFileReference; explicitFileType = wrapper.application; includeInIndex = 0; path = BugItTask.app; sourceTree = BUILT_PRODUCTS_DIR; };
		191D11162D678B090000E8FF /* BugItTaskTests.xctest */ = {isa = PBXFileReference; explicitFileType = wrapper.cfbundle; includeInIndex = 0; path = BugItTaskTests.xctest; sourceTree = BUILT_PRODUCTS_DIR; };
		191D11202D678B090000E8FF /* BugItTaskUITests.xctest */ = {isa = PBXFileReference; explicitFileType = wrapper.cfbundle; includeInIndex = 0; path = BugItTaskUITests.xctest; sourceTree = BUILT_PRODUCTS_DIR; };
		194272DE2D68A5EC00285D55 /* AppDelegate.swift */ = {isa = PBXFileReference; lastKnownFileType = sourcecode.swift; path = AppDelegate.swift; sourceTree = "<group>"; };
		194272DF2D68A5EC00285D55 /* Assets.xcassets */ = {isa = PBXFileReference; lastKnownFileType = folder.assetcatalog; path = Assets.xcassets; sourceTree = "<group>"; };
		194272E02D68A5EC00285D55 /* Info.plist */ = {isa = PBXFileReference; lastKnownFileType = text.plist.xml; path = Info.plist; sourceTree = "<group>"; };
		194272E12D68A5EC00285D55 /* Base */ = {isa = PBXFileReference; lastKnownFileType = file.storyboard; name = Base; path = Base.lproj/LaunchScreen.storyboard; sourceTree = "<group>"; };
		194272E32D68A5EC00285D55 /* Base */ = {isa = PBXFileReference; lastKnownFileType = file.storyboard; name = Base; path = Base.lproj/Main.storyboard; sourceTree = "<group>"; };
		194272E82D68A5EC00285D55 /* BugItTaskTests.swift */ = {isa = PBXFileReference; lastKnownFileType = sourcecode.swift; path = BugItTaskTests.swift; sourceTree = "<group>"; };
		194272EA2D68A5EC00285D55 /* BugItTaskUITests.swift */ = {isa = PBXFileReference; lastKnownFileType = sourcecode.swift; path = BugItTaskUITests.swift; sourceTree = "<group>"; };
		194272EB2D68A5EC00285D55 /* BugItTaskUITestsLaunchTests.swift */ = {isa = PBXFileReference; lastKnownFileType = sourcecode.swift; path = BugItTaskUITestsLaunchTests.swift; sourceTree = "<group>"; };
		194272FB2D68A69F00285D55 /* BaseCoordinator.swift */ = {isa = PBXFileReference; lastKnownFileType = sourcecode.swift; path = BaseCoordinator.swift; sourceTree = "<group>"; };
		194272FC2D68A69F00285D55 /* BaseCoordinatorProtocol.swift */ = {isa = PBXFileReference; lastKnownFileType = sourcecode.swift; path = BaseCoordinatorProtocol.swift; sourceTree = "<group>"; };
		194272FE2D68A69F00285D55 /* LoadingView.swift */ = {isa = PBXFileReference; lastKnownFileType = sourcecode.swift; path = LoadingView.swift; sourceTree = "<group>"; };
		194273002D68A69F00285D55 /* ParamterEncoding.swift */ = {isa = PBXFileReference; lastKnownFileType = sourcecode.swift; path = ParamterEncoding.swift; sourceTree = "<group>"; };
		194273022D68A69F00285D55 /* EndPoint.swift */ = {isa = PBXFileReference; lastKnownFileType = sourcecode.swift; path = EndPoint.swift; sourceTree = "<group>"; };
		194273042D68A69F00285D55 /* Enviroment.swift */ = {isa = PBXFileReference; lastKnownFileType = sourcecode.swift; path = Enviroment.swift; sourceTree = "<group>"; };
		194273052D68A69F00285D55 /* HTTPMethod.swift */ = {isa = PBXFileReference; lastKnownFileType = sourcecode.swift; path = HTTPMethod.swift; sourceTree = "<group>"; };
		194273062D68A69F00285D55 /* NetworkAction.swift */ = {isa = PBXFileReference; lastKnownFileType = sourcecode.swift; path = NetworkAction.swift; sourceTree = "<group>"; };
		194273072D68A69F00285D55 /* NetworkClient.swift */ = {isa = PBXFileReference; lastKnownFileType = sourcecode.swift; path = NetworkClient.swift; sourceTree = "<group>"; };
		194273082D68A69F00285D55 /* NetworkLogger.swift */ = {isa = PBXFileReference; lastKnownFileType = sourcecode.swift; path = NetworkLogger.swift; sourceTree = "<group>"; };
		194273092D68A69F00285D55 /* NetworkRequestFactory.swift */ = {isa = PBXFileReference; lastKnownFileType = sourcecode.swift; path = NetworkRequestFactory.swift; sourceTree = "<group>"; };
		1942730A2D68A69F00285D55 /* NetworkService.swift */ = {isa = PBXFileReference; lastKnownFileType = sourcecode.swift; path = NetworkService.swift; sourceTree = "<group>"; };
		1942730C2D68A69F00285D55 /* AddSwiftUiView.swift */ = {isa = PBXFileReference; lastKnownFileType = sourcecode.swift; path = AddSwiftUiView.swift; sourceTree = "<group>"; };
		1942730D2D68A69F00285D55 /* ErrorHandler.swift */ = {isa = PBXFileReference; lastKnownFileType = sourcecode.swift; path = ErrorHandler.swift; sourceTree = "<group>"; };
		196C8E3D2D68BBD200CF3D61 /* BugItListVC.swift */ = {isa = PBXFileReference; lastKnownFileType = sourcecode.swift; path = BugItListVC.swift; sourceTree = "<group>"; };
		196C8E402D68BC3200CF3D61 /* BugItListCoordinatorProtocol.swift */ = {isa = PBXFileReference; lastKnownFileType = sourcecode.swift; path = BugItListCoordinatorProtocol.swift; sourceTree = "<group>"; };
		196C8E422D68BC4200CF3D61 /* BugItListCoordinator.swift */ = {isa = PBXFileReference; lastKnownFileType = sourcecode.swift; path = BugItListCoordinator.swift; sourceTree = "<group>"; };
		196C8E452D68BD5D00CF3D61 /* BugItListViewModelProtocol.swift */ = {isa = PBXFileReference; lastKnownFileType = sourcecode.swift; path = BugItListViewModelProtocol.swift; sourceTree = "<group>"; };
		196C8E472D68BD6D00CF3D61 /* BugItListViewModel.swift */ = {isa = PBXFileReference; lastKnownFileType = sourcecode.swift; path = BugItListViewModel.swift; sourceTree = "<group>"; };
		196C8E4A2D68BDEB00CF3D61 /* BugListModel.swift */ = {isa = PBXFileReference; lastKnownFileType = sourcecode.swift; path = BugListModel.swift; sourceTree = "<group>"; };
		196C8E4C2D68BE4900CF3D61 /* BugItListViewProtocol.swift */ = {isa = PBXFileReference; lastKnownFileType = sourcecode.swift; path = BugItListViewProtocol.swift; sourceTree = "<group>"; };
		196C8E4E2D68C08100CF3D61 /* BugItListUI.swift */ = {isa = PBXFileReference; lastKnownFileType = sourcecode.swift; path = BugItListUI.swift; sourceTree = "<group>"; };
		196C8E512D68CA6D00CF3D61 /* GoogleSheetsManager.swift */ = {isa = PBXFileReference; lastKnownFileType = sourcecode.swift; path = GoogleSheetsManager.swift; sourceTree = "<group>"; };
		196C8E542D68CD9A00CF3D61 /* GoogleSheetUseCase.swift */ = {isa = PBXFileReference; lastKnownFileType = sourcecode.swift; path = GoogleSheetUseCase.swift; sourceTree = "<group>"; };
		196C8E592D68DF7A00CF3D61 /* BugListRepresentableView.swift */ = {isa = PBXFileReference; lastKnownFileType = sourcecode.swift; path = BugListRepresentableView.swift; sourceTree = "<group>"; };
		196C8E5B2D68DF7D00CF3D61 /* BugListTableView.swift */ = {isa = PBXFileReference; lastKnownFileType = sourcecode.swift; path = BugListTableView.swift; sourceTree = "<group>"; };
		196C8E5D2D68DFD200CF3D61 /* BugItemViewCell.swift */ = {isa = PBXFileReference; lastKnownFileType = sourcecode.swift; path = BugItemViewCell.swift; sourceTree = "<group>"; };
		196C8E662D68EA3500CF3D61 /* BugDetailCoordinatorProtocol.swift */ = {isa = PBXFileReference; lastKnownFileType = sourcecode.swift; path = BugDetailCoordinatorProtocol.swift; sourceTree = "<group>"; };
		196C8E682D68EA4400CF3D61 /* BugDetailCoordinator.swift */ = {isa = PBXFileReference; lastKnownFileType = sourcecode.swift; path = BugDetailCoordinator.swift; sourceTree = "<group>"; };
		196C8E6A2D68EA9500CF3D61 /* BugDetailViewModelProtocol.swift */ = {isa = PBXFileReference; lastKnownFileType = sourcecode.swift; path = BugDetailViewModelProtocol.swift; sourceTree = "<group>"; };
		196C8E6C2D68EAA800CF3D61 /* BugDetailViewModel.swift */ = {isa = PBXFileReference; lastKnownFileType = sourcecode.swift; path = BugDetailViewModel.swift; sourceTree = "<group>"; };
		196C8E6E2D68EB0F00CF3D61 /* BugDetailView.swift */ = {isa = PBXFileReference; lastKnownFileType = sourcecode.swift; path = BugDetailView.swift; sourceTree = "<group>"; };
		196C8E702D68EB2100CF3D61 /* BugDetailViewProtocol.swift */ = {isa = PBXFileReference; lastKnownFileType = sourcecode.swift; path = BugDetailViewProtocol.swift; sourceTree = "<group>"; };
		196C8E722D68EB3700CF3D61 /* BugDetailUIView.swift */ = {isa = PBXFileReference; lastKnownFileType = sourcecode.swift; path = BugDetailUIView.swift; sourceTree = "<group>"; };
		196C8E742D68EBC100CF3D61 /* CustomNavigationBar.swift */ = {isa = PBXFileReference; lastKnownFileType = sourcecode.swift; path = CustomNavigationBar.swift; sourceTree = "<group>"; };
		196C8E762D68F5B600CF3D61 /* AttributedTextView.swift */ = {isa = PBXFileReference; lastKnownFileType = sourcecode.swift; path = AttributedTextView.swift; sourceTree = "<group>"; };
		196C8E792D6903D400CF3D61 /* ImagePickerManager.swift */ = {isa = PBXFileReference; lastKnownFileType = sourcecode.swift; path = ImagePickerManager.swift; sourceTree = "<group>"; };
		196C8E7B2D69042E00CF3D61 /* ImagePickerManagerProtocol.swift */ = {isa = PBXFileReference; lastKnownFileType = sourcecode.swift; path = ImagePickerManagerProtocol.swift; sourceTree = "<group>"; };
		196C8E7D2D69047F00CF3D61 /* Image+Size.swift */ = {isa = PBXFileReference; lastKnownFileType = sourcecode.swift; path = "Image+Size.swift"; sourceTree = "<group>"; };
		196C8E7F2D69068100CF3D61 /* ImagePickerPermission.swift */ = {isa = PBXFileReference; lastKnownFileType = sourcecode.swift; path = ImagePickerPermission.swift; sourceTree = "<group>"; };
		196C8E842D6918D300CF3D61 /* GoogleService-Info.plist */ = {isa = PBXFileReference; lastKnownFileType = text.plist.xml; path = "GoogleService-Info.plist"; sourceTree = "<group>"; };
		196C8E892D691A7C00CF3D61 /* FirebaseUploadManager.swift */ = {isa = PBXFileReference; lastKnownFileType = sourcecode.swift; path = FirebaseUploadManager.swift; sourceTree = "<group>"; };
		196C8E8B2D6921EB00CF3D61 /* bugit-task.json */ = {isa = PBXFileReference; lastKnownFileType = text.json; path = "bugit-task.json"; sourceTree = "<group>"; };
		541A37A033BD97A1CFFE67E4 /* Pods-BugItTaskTests.release.xcconfig */ = {isa = PBXFileReference; includeInIndex = 1; lastKnownFileType = text.xcconfig; name = "Pods-BugItTaskTests.release.xcconfig"; path = "Target Support Files/Pods-BugItTaskTests/Pods-BugItTaskTests.release.xcconfig"; sourceTree = "<group>"; };
		5B86E7A26802FDE9E4F30C76 /* Pods-BugItTask-BugItTaskUITests.release.xcconfig */ = {isa = PBXFileReference; includeInIndex = 1; lastKnownFileType = text.xcconfig; name = "Pods-BugItTask-BugItTaskUITests.release.xcconfig"; path = "Target Support Files/Pods-BugItTask-BugItTaskUITests/Pods-BugItTask-BugItTaskUITests.release.xcconfig"; sourceTree = "<group>"; };
		8A40D294E5FADFFD25E42DDB /* Pods-BugItTask-BugItTaskUITests.debug.xcconfig */ = {isa = PBXFileReference; includeInIndex = 1; lastKnownFileType = text.xcconfig; name = "Pods-BugItTask-BugItTaskUITests.debug.xcconfig"; path = "Target Support Files/Pods-BugItTask-BugItTaskUITests/Pods-BugItTask-BugItTaskUITests.debug.xcconfig"; sourceTree = "<group>"; };
		958A76B15F15EEB07961F123 /* Pods_BugItTask.framework */ = {isa = PBXFileReference; explicitFileType = wrapper.framework; includeInIndex = 0; path = Pods_BugItTask.framework; sourceTree = BUILT_PRODUCTS_DIR; };
		D0538E6B7AC8858957A71B31 /* Pods-BugItTask.debug.xcconfig */ = {isa = PBXFileReference; includeInIndex = 1; lastKnownFileType = text.xcconfig; name = "Pods-BugItTask.debug.xcconfig"; path = "Target Support Files/Pods-BugItTask/Pods-BugItTask.debug.xcconfig"; sourceTree = "<group>"; };
		E0472EFDB3720DEE88B5131D /* Pods-BugItTask.release.xcconfig */ = {isa = PBXFileReference; includeInIndex = 1; lastKnownFileType = text.xcconfig; name = "Pods-BugItTask.release.xcconfig"; path = "Target Support Files/Pods-BugItTask/Pods-BugItTask.release.xcconfig"; sourceTree = "<group>"; };
		F5221750422D93BB1471645F /* Pods-BugItTaskTests.debug.xcconfig */ = {isa = PBXFileReference; includeInIndex = 1; lastKnownFileType = text.xcconfig; name = "Pods-BugItTaskTests.debug.xcconfig"; path = "Target Support Files/Pods-BugItTaskTests/Pods-BugItTaskTests.debug.xcconfig"; sourceTree = "<group>"; };
/* End PBXFileReference section */

/* Begin PBXFrameworksBuildPhase section */
		191D10FD2D678B050000E8FF /* Frameworks */ = {
			isa = PBXFrameworksBuildPhase;
			buildActionMask = 2147483647;
			files = (
				196C8E832D69184500CF3D61 /* FirebaseDatabase in Frameworks */,
				89CDB43FC700ADE91E150D3D /* Pods_BugItTask.framework in Frameworks */,
				196C8E872D6919F000CF3D61 /* FirebaseStorage in Frameworks */,
			);
			runOnlyForDeploymentPostprocessing = 0;
		};
		191D11132D678B090000E8FF /* Frameworks */ = {
			isa = PBXFrameworksBuildPhase;
			buildActionMask = 2147483647;
			files = (
				2928D524AE1864F76A69250D /* Pods_BugItTaskTests.framework in Frameworks */,
			);
			runOnlyForDeploymentPostprocessing = 0;
		};
		191D111D2D678B090000E8FF /* Frameworks */ = {
			isa = PBXFrameworksBuildPhase;
			buildActionMask = 2147483647;
			files = (
				27C4FE61E405675F461FCBE0 /* Pods_BugItTask_BugItTaskUITests.framework in Frameworks */,
			);
			runOnlyForDeploymentPostprocessing = 0;
		};
/* End PBXFrameworksBuildPhase section */

/* Begin PBXGroup section */
		191D10F72D678B050000E8FF = {
			isa = PBXGroup;
			children = (
				194272E72D68A5EC00285D55 /* BugItTask */,
				194272E92D68A5EC00285D55 /* BugItTaskTests */,
				194272EC2D68A5EC00285D55 /* BugItTaskUITests */,
				191D11012D678B050000E8FF /* Products */,
				237E4FCAC5034EDC4D56C514 /* Pods */,
				7511241AE681C652241217B9 /* Frameworks */,
			);
			sourceTree = "<group>";
		};
		191D11012D678B050000E8FF /* Products */ = {
			isa = PBXGroup;
			children = (
				191D11002D678B050000E8FF /* BugItTask.app */,
				191D11162D678B090000E8FF /* BugItTaskTests.xctest */,
				191D11202D678B090000E8FF /* BugItTaskUITests.xctest */,
			);
			name = Products;
			sourceTree = "<group>";
		};
		194272E72D68A5EC00285D55 /* BugItTask */ = {
			isa = PBXGroup;
			children = (
				196C8E8B2D6921EB00CF3D61 /* bugit-task.json */,
				196C8E882D691A6C00CF3D61 /* FirebaseUploadManager */,
				196C8E842D6918D300CF3D61 /* GoogleService-Info.plist */,
				196C8E782D6903C800CF3D61 /* ImagePickerManager */,
				196C8E532D68CD8900CF3D61 /* Repo */,
				196C8E502D68CA3E00CF3D61 /* GoogleSheetManager */,
				196C8E3B2D68BBAB00CF3D61 /* BugItList */,
				196C8E5F2D68E89F00CF3D61 /* BugItDetailView */,
				194272FD2D68A69F00285D55 /* BaseCoordinator */,
				194272FF2D68A69F00285D55 /* Common Views */,
				1942730B2D68A69F00285D55 /* Network Manager */,
				1942730E2D68A69F00285D55 /* Utils */,
				194272DE2D68A5EC00285D55 /* AppDelegate.swift */,
				194272DF2D68A5EC00285D55 /* Assets.xcassets */,
				194272E02D68A5EC00285D55 /* Info.plist */,
				194272E22D68A5EC00285D55 /* LaunchScreen.storyboard */,
				194272E42D68A5EC00285D55 /* Main.storyboard */,
			);
			path = BugItTask;
			sourceTree = "<group>";
		};
		194272E92D68A5EC00285D55 /* BugItTaskTests */ = {
			isa = PBXGroup;
			children = (
				194272E82D68A5EC00285D55 /* BugItTaskTests.swift */,
			);
			path = BugItTaskTests;
			sourceTree = "<group>";
		};
		194272EC2D68A5EC00285D55 /* BugItTaskUITests */ = {
			isa = PBXGroup;
			children = (
				194272EA2D68A5EC00285D55 /* BugItTaskUITests.swift */,
				194272EB2D68A5EC00285D55 /* BugItTaskUITestsLaunchTests.swift */,
			);
			path = BugItTaskUITests;
			sourceTree = "<group>";
		};
		194272FD2D68A69F00285D55 /* BaseCoordinator */ = {
			isa = PBXGroup;
			children = (
				194272FB2D68A69F00285D55 /* BaseCoordinator.swift */,
				194272FC2D68A69F00285D55 /* BaseCoordinatorProtocol.swift */,
			);
			path = BaseCoordinator;
			sourceTree = "<group>";
		};
		194272FF2D68A69F00285D55 /* Common Views */ = {
			isa = PBXGroup;
			children = (
				196C8E762D68F5B600CF3D61 /* AttributedTextView.swift */,
				196C8E742D68EBC100CF3D61 /* CustomNavigationBar.swift */,
				194272FE2D68A69F00285D55 /* LoadingView.swift */,
			);
			path = "Common Views";
			sourceTree = "<group>";
		};
		194273012D68A69F00285D55 /* Encoding */ = {
			isa = PBXGroup;
			children = (
				194273002D68A69F00285D55 /* ParamterEncoding.swift */,
			);
			path = Encoding;
			sourceTree = "<group>";
		};
		194273032D68A69F00285D55 /* Endpoint */ = {
			isa = PBXGroup;
			children = (
				194273022D68A69F00285D55 /* EndPoint.swift */,
			);
			path = Endpoint;
			sourceTree = "<group>";
		};
		1942730B2D68A69F00285D55 /* Network Manager */ = {
			isa = PBXGroup;
			children = (
				194273012D68A69F00285D55 /* Encoding */,
				194273032D68A69F00285D55 /* Endpoint */,
				194273042D68A69F00285D55 /* Enviroment.swift */,
				194273052D68A69F00285D55 /* HTTPMethod.swift */,
				194273062D68A69F00285D55 /* NetworkAction.swift */,
				194273072D68A69F00285D55 /* NetworkClient.swift */,
				194273082D68A69F00285D55 /* NetworkLogger.swift */,
				194273092D68A69F00285D55 /* NetworkRequestFactory.swift */,
				1942730A2D68A69F00285D55 /* NetworkService.swift */,
			);
			path = "Network Manager";
			sourceTree = "<group>";
		};
		1942730E2D68A69F00285D55 /* Utils */ = {
			isa = PBXGroup;
			children = (
				1942730C2D68A69F00285D55 /* AddSwiftUiView.swift */,
				1942730D2D68A69F00285D55 /* ErrorHandler.swift */,
			);
			path = Utils;
			sourceTree = "<group>";
		};
		196C8E3B2D68BBAB00CF3D61 /* BugItList */ = {
			isa = PBXGroup;
			children = (
				196C8E492D68BDD900CF3D61 /* Model */,
				196C8E442D68BD3F00CF3D61 /* ViewModel */,
				196C8E3F2D68BC0800CF3D61 /* Coordinator */,
				196C8E3C2D68BBB700CF3D61 /* View */,
			);
			path = BugItList;
			sourceTree = "<group>";
		};
		196C8E3C2D68BBB700CF3D61 /* View */ = {
			isa = PBXGroup;
			children = (
				196C8E582D68DF6000CF3D61 /* BugListTV */,
				196C8E3D2D68BBD200CF3D61 /* BugItListVC.swift */,
				196C8E4C2D68BE4900CF3D61 /* BugItListViewProtocol.swift */,
				196C8E4E2D68C08100CF3D61 /* BugItListUI.swift */,
			);
			path = View;
			sourceTree = "<group>";
		};
		196C8E3F2D68BC0800CF3D61 /* Coordinator */ = {
			isa = PBXGroup;
			children = (
				196C8E402D68BC3200CF3D61 /* BugItListCoordinatorProtocol.swift */,
				196C8E422D68BC4200CF3D61 /* BugItListCoordinator.swift */,
			);
			path = Coordinator;
			sourceTree = "<group>";
		};
		196C8E442D68BD3F00CF3D61 /* ViewModel */ = {
			isa = PBXGroup;
			children = (
				196C8E452D68BD5D00CF3D61 /* BugItListViewModelProtocol.swift */,
				196C8E472D68BD6D00CF3D61 /* BugItListViewModel.swift */,
			);
			path = ViewModel;
			sourceTree = "<group>";
		};
		196C8E492D68BDD900CF3D61 /* Model */ = {
			isa = PBXGroup;
			children = (
				196C8E4A2D68BDEB00CF3D61 /* BugListModel.swift */,
			);
			path = Model;
			sourceTree = "<group>";
		};
		196C8E502D68CA3E00CF3D61 /* GoogleSheetManager */ = {
			isa = PBXGroup;
			children = (
				196C8E512D68CA6D00CF3D61 /* GoogleSheetsManager.swift */,
			);
			path = GoogleSheetManager;
			sourceTree = "<group>";
		};
		196C8E532D68CD8900CF3D61 /* Repo */ = {
			isa = PBXGroup;
			children = (
				196C8E542D68CD9A00CF3D61 /* GoogleSheetUseCase.swift */,
			);
			path = Repo;
			sourceTree = "<group>";
		};
		196C8E582D68DF6000CF3D61 /* BugListTV */ = {
			isa = PBXGroup;
			children = (
				196C8E5B2D68DF7D00CF3D61 /* BugListTableView.swift */,
				196C8E592D68DF7A00CF3D61 /* BugListRepresentableView.swift */,
				196C8E5D2D68DFD200CF3D61 /* BugItemViewCell.swift */,
			);
			path = BugListTV;
			sourceTree = "<group>";
		};
		196C8E5F2D68E89F00CF3D61 /* BugItDetailView */ = {
			isa = PBXGroup;
			children = (
				196C8E632D68EA0000CF3D61 /* View */,
				196C8E622D68E9FA00CF3D61 /* ViewModel */,
				196C8E612D68E9F200CF3D61 /* Coordinator */,
				196C8E602D68E9EB00CF3D61 /* Model */,
			);
			path = BugItDetailView;
			sourceTree = "<group>";
		};
		196C8E602D68E9EB00CF3D61 /* Model */ = {
			isa = PBXGroup;
			children = (
			);
			path = Model;
			sourceTree = "<group>";
		};
		196C8E612D68E9F200CF3D61 /* Coordinator */ = {
			isa = PBXGroup;
			children = (
				196C8E662D68EA3500CF3D61 /* BugDetailCoordinatorProtocol.swift */,
				196C8E682D68EA4400CF3D61 /* BugDetailCoordinator.swift */,
			);
			path = Coordinator;
			sourceTree = "<group>";
		};
		196C8E622D68E9FA00CF3D61 /* ViewModel */ = {
			isa = PBXGroup;
			children = (
				196C8E6C2D68EAA800CF3D61 /* BugDetailViewModel.swift */,
				196C8E6A2D68EA9500CF3D61 /* BugDetailViewModelProtocol.swift */,
			);
			path = ViewModel;
			sourceTree = "<group>";
		};
		196C8E632D68EA0000CF3D61 /* View */ = {
			isa = PBXGroup;
			children = (
				196C8E722D68EB3700CF3D61 /* BugDetailUIView.swift */,
				196C8E702D68EB2100CF3D61 /* BugDetailViewProtocol.swift */,
				196C8E6E2D68EB0F00CF3D61 /* BugDetailView.swift */,
			);
			path = View;
			sourceTree = "<group>";
		};
		196C8E782D6903C800CF3D61 /* ImagePickerManager */ = {
			isa = PBXGroup;
			children = (
				196C8E792D6903D400CF3D61 /* ImagePickerManager.swift */,
				196C8E7B2D69042E00CF3D61 /* ImagePickerManagerProtocol.swift */,
				196C8E7D2D69047F00CF3D61 /* Image+Size.swift */,
				196C8E7F2D69068100CF3D61 /* ImagePickerPermission.swift */,
			);
			path = ImagePickerManager;
			sourceTree = "<group>";
		};
		196C8E882D691A6C00CF3D61 /* FirebaseUploadManager */ = {
			isa = PBXGroup;
			children = (
				196C8E892D691A7C00CF3D61 /* FirebaseUploadManager.swift */,
			);
			path = FirebaseUploadManager;
			sourceTree = "<group>";
		};
		237E4FCAC5034EDC4D56C514 /* Pods */ = {
			isa = PBXGroup;
			children = (
				D0538E6B7AC8858957A71B31 /* Pods-BugItTask.debug.xcconfig */,
				E0472EFDB3720DEE88B5131D /* Pods-BugItTask.release.xcconfig */,
				8A40D294E5FADFFD25E42DDB /* Pods-BugItTask-BugItTaskUITests.debug.xcconfig */,
				5B86E7A26802FDE9E4F30C76 /* Pods-BugItTask-BugItTaskUITests.release.xcconfig */,
				F5221750422D93BB1471645F /* Pods-BugItTaskTests.debug.xcconfig */,
				541A37A033BD97A1CFFE67E4 /* Pods-BugItTaskTests.release.xcconfig */,
			);
			path = Pods;
			sourceTree = "<group>";
		};
		7511241AE681C652241217B9 /* Frameworks */ = {
			isa = PBXGroup;
			children = (
				958A76B15F15EEB07961F123 /* Pods_BugItTask.framework */,
				0DADDD0BC2F476C155772097 /* Pods_BugItTask_BugItTaskUITests.framework */,
				0DDE95CB677D60E9A9B239AC /* Pods_BugItTaskTests.framework */,
			);
			name = Frameworks;
			sourceTree = "<group>";
		};
/* End PBXGroup section */

/* Begin PBXNativeTarget section */
		191D10FF2D678B050000E8FF /* BugItTask */ = {
			isa = PBXNativeTarget;
			buildConfigurationList = 191D11292D678B090000E8FF /* Build configuration list for PBXNativeTarget "BugItTask" */;
			buildPhases = (
				50FFD17E69FCCD653FAA012C /* [CP] Check Pods Manifest.lock */,
				191D10FC2D678B050000E8FF /* Sources */,
				191D10FD2D678B050000E8FF /* Frameworks */,
				191D10FE2D678B050000E8FF /* Resources */,
				BE11AE2EF72AC7A28EAFCF58 /* [CP] Embed Pods Frameworks */,
			);
			buildRules = (
			);
			dependencies = (
			);
			name = BugItTask;
			productName = BugItTask;
			productReference = 191D11002D678B050000E8FF /* BugItTask.app */;
			productType = "com.apple.product-type.application";
		};
		191D11152D678B090000E8FF /* BugItTaskTests */ = {
			isa = PBXNativeTarget;
			buildConfigurationList = 191D112E2D678B090000E8FF /* Build configuration list for PBXNativeTarget "BugItTaskTests" */;
			buildPhases = (
				180BB54E2C93ADB41E4C8BBB /* [CP] Check Pods Manifest.lock */,
				191D11122D678B090000E8FF /* Sources */,
				191D11132D678B090000E8FF /* Frameworks */,
				191D11142D678B090000E8FF /* Resources */,
			);
			buildRules = (
			);
			dependencies = (
				191D11182D678B090000E8FF /* PBXTargetDependency */,
			);
			name = BugItTaskTests;
			productName = BugItTaskTests;
			productReference = 191D11162D678B090000E8FF /* BugItTaskTests.xctest */;
			productType = "com.apple.product-type.bundle.unit-test";
		};
		191D111F2D678B090000E8FF /* BugItTaskUITests */ = {
			isa = PBXNativeTarget;
			buildConfigurationList = 191D11312D678B090000E8FF /* Build configuration list for PBXNativeTarget "BugItTaskUITests" */;
			buildPhases = (
				12D417A0C3C184AB4FF34990 /* [CP] Check Pods Manifest.lock */,
				191D111C2D678B090000E8FF /* Sources */,
				191D111D2D678B090000E8FF /* Frameworks */,
				191D111E2D678B090000E8FF /* Resources */,
				AF14D45653039BF97AFAE8A7 /* [CP] Embed Pods Frameworks */,
			);
			buildRules = (
			);
			dependencies = (
				191D11222D678B090000E8FF /* PBXTargetDependency */,
			);
			name = BugItTaskUITests;
			productName = BugItTaskUITests;
			productReference = 191D11202D678B090000E8FF /* BugItTaskUITests.xctest */;
			productType = "com.apple.product-type.bundle.ui-testing";
		};
/* End PBXNativeTarget section */

/* Begin PBXProject section */
		191D10F82D678B050000E8FF /* Project object */ = {
			isa = PBXProject;
			attributes = {
				BuildIndependentTargetsInParallel = 1;
				LastSwiftUpdateCheck = 1620;
				LastUpgradeCheck = 1620;
				TargetAttributes = {
					191D10FF2D678B050000E8FF = {
						CreatedOnToolsVersion = 16.2;
					};
					191D11152D678B090000E8FF = {
						CreatedOnToolsVersion = 16.2;
						TestTargetID = 191D10FF2D678B050000E8FF;
					};
					191D111F2D678B090000E8FF = {
						CreatedOnToolsVersion = 16.2;
						TestTargetID = 191D10FF2D678B050000E8FF;
					};
				};
			};
			buildConfigurationList = 191D10FB2D678B050000E8FF /* Build configuration list for PBXProject "BugItTask" */;
			developmentRegion = en;
			hasScannedForEncodings = 0;
			knownRegions = (
				en,
				Base,
			);
			mainGroup = 191D10F72D678B050000E8FF;
			minimizedProjectReferenceProxies = 1;
			packageReferences = (
				196C8E812D69184500CF3D61 /* XCRemoteSwiftPackageReference "firebase-ios-sdk" */,
			);
			preferredProjectObjectVersion = 77;
			productRefGroup = 191D11012D678B050000E8FF /* Products */;
			projectDirPath = "";
			projectRoot = "";
			targets = (
				191D10FF2D678B050000E8FF /* BugItTask */,
				191D11152D678B090000E8FF /* BugItTaskTests */,
				191D111F2D678B090000E8FF /* BugItTaskUITests */,
			);
		};
/* End PBXProject section */

/* Begin PBXResourcesBuildPhase section */
		191D10FE2D678B050000E8FF /* Resources */ = {
			isa = PBXResourcesBuildPhase;
			buildActionMask = 2147483647;
			files = (
				194272ED2D68A5EC00285D55 /* Assets.xcassets in Resources */,
				196C8E8C2D6921EB00CF3D61 /* bugit-task.json in Resources */,
				196C8E852D6918D300CF3D61 /* GoogleService-Info.plist in Resources */,
				194272EF2D68A5EC00285D55 /* LaunchScreen.storyboard in Resources */,
				194272F02D68A5EC00285D55 /* Main.storyboard in Resources */,
			);
			runOnlyForDeploymentPostprocessing = 0;
		};
		191D11142D678B090000E8FF /* Resources */ = {
			isa = PBXResourcesBuildPhase;
			buildActionMask = 2147483647;
			files = (
			);
			runOnlyForDeploymentPostprocessing = 0;
		};
		191D111E2D678B090000E8FF /* Resources */ = {
			isa = PBXResourcesBuildPhase;
			buildActionMask = 2147483647;
			files = (
			);
			runOnlyForDeploymentPostprocessing = 0;
		};
/* End PBXResourcesBuildPhase section */

/* Begin PBXShellScriptBuildPhase section */
		12D417A0C3C184AB4FF34990 /* [CP] Check Pods Manifest.lock */ = {
			isa = PBXShellScriptBuildPhase;
			buildActionMask = 2147483647;
			files = (
			);
			inputFileListPaths = (
			);
			inputPaths = (
				"${PODS_PODFILE_DIR_PATH}/Podfile.lock",
				"${PODS_ROOT}/Manifest.lock",
			);
			name = "[CP] Check Pods Manifest.lock";
			outputFileListPaths = (
			);
			outputPaths = (
				"$(DERIVED_FILE_DIR)/Pods-BugItTask-BugItTaskUITests-checkManifestLockResult.txt",
			);
			runOnlyForDeploymentPostprocessing = 0;
			shellPath = /bin/sh;
			shellScript = "diff \"${PODS_PODFILE_DIR_PATH}/Podfile.lock\" \"${PODS_ROOT}/Manifest.lock\" > /dev/null\nif [ $? != 0 ] ; then\n    # print error to STDERR\n    echo \"error: The sandbox is not in sync with the Podfile.lock. Run 'pod install' or update your CocoaPods installation.\" >&2\n    exit 1\nfi\n# This output is used by Xcode 'outputs' to avoid re-running this script phase.\necho \"SUCCESS\" > \"${SCRIPT_OUTPUT_FILE_0}\"\n";
			showEnvVarsInLog = 0;
		};
		180BB54E2C93ADB41E4C8BBB /* [CP] Check Pods Manifest.lock */ = {
			isa = PBXShellScriptBuildPhase;
			buildActionMask = 2147483647;
			files = (
			);
			inputFileListPaths = (
			);
			inputPaths = (
				"${PODS_PODFILE_DIR_PATH}/Podfile.lock",
				"${PODS_ROOT}/Manifest.lock",
			);
			name = "[CP] Check Pods Manifest.lock";
			outputFileListPaths = (
			);
			outputPaths = (
				"$(DERIVED_FILE_DIR)/Pods-BugItTaskTests-checkManifestLockResult.txt",
			);
			runOnlyForDeploymentPostprocessing = 0;
			shellPath = /bin/sh;
			shellScript = "diff \"${PODS_PODFILE_DIR_PATH}/Podfile.lock\" \"${PODS_ROOT}/Manifest.lock\" > /dev/null\nif [ $? != 0 ] ; then\n    # print error to STDERR\n    echo \"error: The sandbox is not in sync with the Podfile.lock. Run 'pod install' or update your CocoaPods installation.\" >&2\n    exit 1\nfi\n# This output is used by Xcode 'outputs' to avoid re-running this script phase.\necho \"SUCCESS\" > \"${SCRIPT_OUTPUT_FILE_0}\"\n";
			showEnvVarsInLog = 0;
		};
		50FFD17E69FCCD653FAA012C /* [CP] Check Pods Manifest.lock */ = {
			isa = PBXShellScriptBuildPhase;
			buildActionMask = 2147483647;
			files = (
			);
			inputFileListPaths = (
			);
			inputPaths = (
				"${PODS_PODFILE_DIR_PATH}/Podfile.lock",
				"${PODS_ROOT}/Manifest.lock",
			);
			name = "[CP] Check Pods Manifest.lock";
			outputFileListPaths = (
			);
			outputPaths = (
				"$(DERIVED_FILE_DIR)/Pods-BugItTask-checkManifestLockResult.txt",
			);
			runOnlyForDeploymentPostprocessing = 0;
			shellPath = /bin/sh;
			shellScript = "diff \"${PODS_PODFILE_DIR_PATH}/Podfile.lock\" \"${PODS_ROOT}/Manifest.lock\" > /dev/null\nif [ $? != 0 ] ; then\n    # print error to STDERR\n    echo \"error: The sandbox is not in sync with the Podfile.lock. Run 'pod install' or update your CocoaPods installation.\" >&2\n    exit 1\nfi\n# This output is used by Xcode 'outputs' to avoid re-running this script phase.\necho \"SUCCESS\" > \"${SCRIPT_OUTPUT_FILE_0}\"\n";
			showEnvVarsInLog = 0;
		};
		AF14D45653039BF97AFAE8A7 /* [CP] Embed Pods Frameworks */ = {
			isa = PBXShellScriptBuildPhase;
			buildActionMask = 2147483647;
			files = (
			);
			inputFileListPaths = (
				"${PODS_ROOT}/Target Support Files/Pods-BugItTask-BugItTaskUITests/Pods-BugItTask-BugItTaskUITests-frameworks-${CONFIGURATION}-input-files.xcfilelist",
			);
			name = "[CP] Embed Pods Frameworks";
			outputFileListPaths = (
				"${PODS_ROOT}/Target Support Files/Pods-BugItTask-BugItTaskUITests/Pods-BugItTask-BugItTaskUITests-frameworks-${CONFIGURATION}-output-files.xcfilelist",
			);
			runOnlyForDeploymentPostprocessing = 0;
			shellPath = /bin/sh;
			shellScript = "\"${PODS_ROOT}/Target Support Files/Pods-BugItTask-BugItTaskUITests/Pods-BugItTask-BugItTaskUITests-frameworks.sh\"\n";
			showEnvVarsInLog = 0;
		};
		BE11AE2EF72AC7A28EAFCF58 /* [CP] Embed Pods Frameworks */ = {
			isa = PBXShellScriptBuildPhase;
			buildActionMask = 2147483647;
			files = (
			);
			inputFileListPaths = (
				"${PODS_ROOT}/Target Support Files/Pods-BugItTask/Pods-BugItTask-frameworks-${CONFIGURATION}-input-files.xcfilelist",
			);
			name = "[CP] Embed Pods Frameworks";
			outputFileListPaths = (
				"${PODS_ROOT}/Target Support Files/Pods-BugItTask/Pods-BugItTask-frameworks-${CONFIGURATION}-output-files.xcfilelist",
			);
			runOnlyForDeploymentPostprocessing = 0;
			shellPath = /bin/sh;
			shellScript = "\"${PODS_ROOT}/Target Support Files/Pods-BugItTask/Pods-BugItTask-frameworks.sh\"\n";
			showEnvVarsInLog = 0;
		};
/* End PBXShellScriptBuildPhase section */

/* Begin PBXSourcesBuildPhase section */
		191D10FC2D678B050000E8FF /* Sources */ = {
			isa = PBXSourcesBuildPhase;
			buildActionMask = 2147483647;
			files = (
				196C8E4F2D68C08100CF3D61 /* BugItListUI.swift in Sources */,
				196C8E3E2D68BBD200CF3D61 /* BugItListVC.swift in Sources */,
				1942730F2D68A69F00285D55 /* NetworkService.swift in Sources */,
				196C8E5C2D68DF8700CF3D61 /* BugListTableView.swift in Sources */,
				196C8E5E2D68DFD200CF3D61 /* BugItemViewCell.swift in Sources */,
				196C8E772D68F5BA00CF3D61 /* AttributedTextView.swift in Sources */,
				194273102D68A69F00285D55 /* EndPoint.swift in Sources */,
				196C8E412D68BC3200CF3D61 /* BugItListCoordinatorProtocol.swift in Sources */,
				194273112D68A69F00285D55 /* NetworkLogger.swift in Sources */,
				194273122D68A69F00285D55 /* AddSwiftUiView.swift in Sources */,
				196C8E482D68BD6D00CF3D61 /* BugItListViewModel.swift in Sources */,
				196C8E522D68CA6D00CF3D61 /* GoogleSheetsManager.swift in Sources */,
				194273132D68A69F00285D55 /* HTTPMethod.swift in Sources */,
				196C8E7A2D6903E100CF3D61 /* ImagePickerManager.swift in Sources */,
				196C8E462D68BD5D00CF3D61 /* BugItListViewModelProtocol.swift in Sources */,
				196C8E4D2D68BE4900CF3D61 /* BugItListViewProtocol.swift in Sources */,
				194273142D68A69F00285D55 /* NetworkAction.swift in Sources */,
				194273152D68A69F00285D55 /* ParamterEncoding.swift in Sources */,
				196C8E732D68EB3B00CF3D61 /* BugDetailUIView.swift in Sources */,
				196C8E6D2D68EAB100CF3D61 /* BugDetailViewModel.swift in Sources */,
				196C8E7E2D69047F00CF3D61 /* Image+Size.swift in Sources */,
				196C8E432D68BC4200CF3D61 /* BugItListCoordinator.swift in Sources */,
				194273162D68A69F00285D55 /* ErrorHandler.swift in Sources */,
				194273172D68A69F00285D55 /* BaseCoordinatorProtocol.swift in Sources */,
				196C8E712D68EB2F00CF3D61 /* BugDetailViewProtocol.swift in Sources */,
				196C8E672D68EA3500CF3D61 /* BugDetailCoordinatorProtocol.swift in Sources */,
				196C8E6F2D68EB1D00CF3D61 /* BugDetailView.swift in Sources */,
				194273182D68A69F00285D55 /* Enviroment.swift in Sources */,
				196C8E802D69068100CF3D61 /* ImagePickerPermission.swift in Sources */,
				194273192D68A69F00285D55 /* NetworkClient.swift in Sources */,
				1942731A2D68A69F00285D55 /* BaseCoordinator.swift in Sources */,
				196C8E552D68CD9A00CF3D61 /* GoogleSheetUseCase.swift in Sources */,
				196C8E4B2D68BDEB00CF3D61 /* BugListModel.swift in Sources */,
				196C8E6B2D68EAA500CF3D61 /* BugDetailViewModelProtocol.swift in Sources */,
				196C8E752D68EBC200CF3D61 /* CustomNavigationBar.swift in Sources */,
				196C8E5A2D68DF7A00CF3D61 /* BugListRepresentableView.swift in Sources */,
				196C8E692D68EA4400CF3D61 /* BugDetailCoordinator.swift in Sources */,
				1942731B2D68A69F00285D55 /* NetworkRequestFactory.swift in Sources */,
				1942731C2D68A69F00285D55 /* LoadingView.swift in Sources */,
				196C8E8A2D691A8700CF3D61 /* FirebaseUploadManager.swift in Sources */,
				196C8E7C2D69042E00CF3D61 /* ImagePickerManagerProtocol.swift in Sources */,
				194272F52D68A5EC00285D55 /* AppDelegate.swift in Sources */,
			);
			runOnlyForDeploymentPostprocessing = 0;
		};
		191D11122D678B090000E8FF /* Sources */ = {
			isa = PBXSourcesBuildPhase;
			buildActionMask = 2147483647;
			files = (
			);
			runOnlyForDeploymentPostprocessing = 0;
		};
		191D111C2D678B090000E8FF /* Sources */ = {
			isa = PBXSourcesBuildPhase;
			buildActionMask = 2147483647;
			files = (
			);
			runOnlyForDeploymentPostprocessing = 0;
		};
/* End PBXSourcesBuildPhase section */

/* Begin PBXTargetDependency section */
		191D11182D678B090000E8FF /* PBXTargetDependency */ = {
			isa = PBXTargetDependency;
			target = 191D10FF2D678B050000E8FF /* BugItTask */;
			targetProxy = 191D11172D678B090000E8FF /* PBXContainerItemProxy */;
		};
		191D11222D678B090000E8FF /* PBXTargetDependency */ = {
			isa = PBXTargetDependency;
			target = 191D10FF2D678B050000E8FF /* BugItTask */;
			targetProxy = 191D11212D678B090000E8FF /* PBXContainerItemProxy */;
		};
/* End PBXTargetDependency section */

/* Begin PBXVariantGroup section */
		194272E22D68A5EC00285D55 /* LaunchScreen.storyboard */ = {
			isa = PBXVariantGroup;
			children = (
				194272E12D68A5EC00285D55 /* Base */,
			);
			name = LaunchScreen.storyboard;
			sourceTree = "<group>";
		};
		194272E42D68A5EC00285D55 /* Main.storyboard */ = {
			isa = PBXVariantGroup;
			children = (
				194272E32D68A5EC00285D55 /* Base */,
			);
			name = Main.storyboard;
			sourceTree = "<group>";
		};
/* End PBXVariantGroup section */

/* Begin XCBuildConfiguration section */
		191D112A2D678B090000E8FF /* Debug */ = {
			isa = XCBuildConfiguration;
			baseConfigurationReference = D0538E6B7AC8858957A71B31 /* Pods-BugItTask.debug.xcconfig */;
			buildSettings = {
				ASSETCATALOG_COMPILER_APPICON_NAME = AppIcon;
				ASSETCATALOG_COMPILER_GLOBAL_ACCENT_COLOR_NAME = AccentColor;
				CODE_SIGN_STYLE = Automatic;
				CURRENT_PROJECT_VERSION = 1;
				DEVELOPMENT_TEAM = 66J9DSZK6X;
				ENABLE_USER_SCRIPT_SANDBOXING = NO;
				GENERATE_INFOPLIST_FILE = YES;
				INFOPLIST_FILE = BugItTask/Info.plist;
				INFOPLIST_KEY_CFBundleDisplayName = BugIt;
				INFOPLIST_KEY_LSApplicationCategoryType = "public.app-category.education";
				INFOPLIST_KEY_UIApplicationSupportsIndirectInputEvents = YES;
				INFOPLIST_KEY_UILaunchStoryboardName = LaunchScreen;
				INFOPLIST_KEY_UIMainStoryboardFile = Main;
				INFOPLIST_KEY_UIStatusBarStyle = "";
				INFOPLIST_KEY_UISupportedInterfaceOrientations = UIInterfaceOrientationPortrait;
				INFOPLIST_KEY_UISupportedInterfaceOrientations_iPad = "UIInterfaceOrientationLandscapeLeft UIInterfaceOrientationLandscapeRight";
				IPHONEOS_DEPLOYMENT_TARGET = 16.6;
				LD_RUNPATH_SEARCH_PATHS = (
					"$(inherited)",
					"@executable_path/Frameworks",
				);
				MARKETING_VERSION = 1.0;
				PRODUCT_BUNDLE_IDENTIFIER = com.BugIt.Eslam.Task.BugItTask;
				PRODUCT_NAME = "$(TARGET_NAME)";
				SUPPORTED_PLATFORMS = "iphoneos iphonesimulator";
				SUPPORTS_MACCATALYST = NO;
				SUPPORTS_MAC_DESIGNED_FOR_IPHONE_IPAD = NO;
				SUPPORTS_XR_DESIGNED_FOR_IPHONE_IPAD = NO;
				SWIFT_EMIT_LOC_STRINGS = YES;
				SWIFT_VERSION = 5.0;
				TARGETED_DEVICE_FAMILY = 1;
			};
			name = Debug;
		};
		191D112B2D678B090000E8FF /* Release */ = {
			isa = XCBuildConfiguration;
			baseConfigurationReference = E0472EFDB3720DEE88B5131D /* Pods-BugItTask.release.xcconfig */;
			buildSettings = {
				ASSETCATALOG_COMPILER_APPICON_NAME = AppIcon;
				ASSETCATALOG_COMPILER_GLOBAL_ACCENT_COLOR_NAME = AccentColor;
				CODE_SIGN_STYLE = Automatic;
				CURRENT_PROJECT_VERSION = 1;
				DEVELOPMENT_TEAM = 66J9DSZK6X;
				ENABLE_USER_SCRIPT_SANDBOXING = NO;
				GENERATE_INFOPLIST_FILE = YES;
				INFOPLIST_FILE = BugItTask/Info.plist;
				INFOPLIST_KEY_CFBundleDisplayName = BugIt;
				INFOPLIST_KEY_LSApplicationCategoryType = "public.app-category.education";
				INFOPLIST_KEY_UIApplicationSupportsIndirectInputEvents = YES;
				INFOPLIST_KEY_UILaunchStoryboardName = LaunchScreen;
				INFOPLIST_KEY_UIMainStoryboardFile = Main;
				INFOPLIST_KEY_UIStatusBarStyle = "";
				INFOPLIST_KEY_UISupportedInterfaceOrientations = UIInterfaceOrientationPortrait;
				INFOPLIST_KEY_UISupportedInterfaceOrientations_iPad = "UIInterfaceOrientationLandscapeLeft UIInterfaceOrientationLandscapeRight";
				IPHONEOS_DEPLOYMENT_TARGET = 16.6;
				LD_RUNPATH_SEARCH_PATHS = (
					"$(inherited)",
					"@executable_path/Frameworks",
				);
				MARKETING_VERSION = 1.0;
				PRODUCT_BUNDLE_IDENTIFIER = com.BugIt.Eslam.Task.BugItTask;
				PRODUCT_NAME = "$(TARGET_NAME)";
				SUPPORTED_PLATFORMS = "iphoneos iphonesimulator";
				SUPPORTS_MACCATALYST = NO;
				SUPPORTS_MAC_DESIGNED_FOR_IPHONE_IPAD = NO;
				SUPPORTS_XR_DESIGNED_FOR_IPHONE_IPAD = NO;
				SWIFT_EMIT_LOC_STRINGS = YES;
				SWIFT_VERSION = 5.0;
				TARGETED_DEVICE_FAMILY = 1;
			};
			name = Release;
		};
		191D112C2D678B090000E8FF /* Debug */ = {
			isa = XCBuildConfiguration;
			buildSettings = {
				ALWAYS_SEARCH_USER_PATHS = NO;
				ASSETCATALOG_COMPILER_GENERATE_SWIFT_ASSET_SYMBOL_EXTENSIONS = YES;
				CLANG_ANALYZER_NONNULL = YES;
				CLANG_ANALYZER_NUMBER_OBJECT_CONVERSION = YES_AGGRESSIVE;
				CLANG_CXX_LANGUAGE_STANDARD = "gnu++20";
				CLANG_ENABLE_MODULES = YES;
				CLANG_ENABLE_OBJC_ARC = YES;
				CLANG_ENABLE_OBJC_WEAK = YES;
				CLANG_WARN_BLOCK_CAPTURE_AUTORELEASING = YES;
				CLANG_WARN_BOOL_CONVERSION = YES;
				CLANG_WARN_COMMA = YES;
				CLANG_WARN_CONSTANT_CONVERSION = YES;
				CLANG_WARN_DEPRECATED_OBJC_IMPLEMENTATIONS = YES;
				CLANG_WARN_DIRECT_OBJC_ISA_USAGE = YES_ERROR;
				CLANG_WARN_DOCUMENTATION_COMMENTS = YES;
				CLANG_WARN_EMPTY_BODY = YES;
				CLANG_WARN_ENUM_CONVERSION = YES;
				CLANG_WARN_INFINITE_RECURSION = YES;
				CLANG_WARN_INT_CONVERSION = YES;
				CLANG_WARN_NON_LITERAL_NULL_CONVERSION = YES;
				CLANG_WARN_OBJC_IMPLICIT_RETAIN_SELF = YES;
				CLANG_WARN_OBJC_LITERAL_CONVERSION = YES;
				CLANG_WARN_OBJC_ROOT_CLASS = YES_ERROR;
				CLANG_WARN_QUOTED_INCLUDE_IN_FRAMEWORK_HEADER = YES;
				CLANG_WARN_RANGE_LOOP_ANALYSIS = YES;
				CLANG_WARN_STRICT_PROTOTYPES = YES;
				CLANG_WARN_SUSPICIOUS_MOVE = YES;
				CLANG_WARN_UNGUARDED_AVAILABILITY = YES_AGGRESSIVE;
				CLANG_WARN_UNREACHABLE_CODE = YES;
				CLANG_WARN__DUPLICATE_METHOD_MATCH = YES;
				COPY_PHASE_STRIP = NO;
				DEBUG_INFORMATION_FORMAT = dwarf;
				ENABLE_STRICT_OBJC_MSGSEND = YES;
				ENABLE_TESTABILITY = YES;
				ENABLE_USER_SCRIPT_SANDBOXING = YES;
				GCC_C_LANGUAGE_STANDARD = gnu17;
				GCC_DYNAMIC_NO_PIC = NO;
				GCC_NO_COMMON_BLOCKS = YES;
				GCC_OPTIMIZATION_LEVEL = 0;
				GCC_PREPROCESSOR_DEFINITIONS = (
					"DEBUG=1",
					"$(inherited)",
				);
				GCC_WARN_64_TO_32_BIT_CONVERSION = YES;
				GCC_WARN_ABOUT_RETURN_TYPE = YES_ERROR;
				GCC_WARN_UNDECLARED_SELECTOR = YES;
				GCC_WARN_UNINITIALIZED_AUTOS = YES_AGGRESSIVE;
				GCC_WARN_UNUSED_FUNCTION = YES;
				GCC_WARN_UNUSED_VARIABLE = YES;
				IPHONEOS_DEPLOYMENT_TARGET = 18.2;
				LOCALIZATION_PREFERS_STRING_CATALOGS = YES;
				MTL_ENABLE_DEBUG_INFO = INCLUDE_SOURCE;
				MTL_FAST_MATH = YES;
				ONLY_ACTIVE_ARCH = YES;
				SDKROOT = iphoneos;
				SWIFT_ACTIVE_COMPILATION_CONDITIONS = "DEBUG $(inherited)";
				SWIFT_OPTIMIZATION_LEVEL = "-Onone";
			};
			name = Debug;
		};
		191D112D2D678B090000E8FF /* Release */ = {
			isa = XCBuildConfiguration;
			buildSettings = {
				ALWAYS_SEARCH_USER_PATHS = NO;
				ASSETCATALOG_COMPILER_GENERATE_SWIFT_ASSET_SYMBOL_EXTENSIONS = YES;
				CLANG_ANALYZER_NONNULL = YES;
				CLANG_ANALYZER_NUMBER_OBJECT_CONVERSION = YES_AGGRESSIVE;
				CLANG_CXX_LANGUAGE_STANDARD = "gnu++20";
				CLANG_ENABLE_MODULES = YES;
				CLANG_ENABLE_OBJC_ARC = YES;
				CLANG_ENABLE_OBJC_WEAK = YES;
				CLANG_WARN_BLOCK_CAPTURE_AUTORELEASING = YES;
				CLANG_WARN_BOOL_CONVERSION = YES;
				CLANG_WARN_COMMA = YES;
				CLANG_WARN_CONSTANT_CONVERSION = YES;
				CLANG_WARN_DEPRECATED_OBJC_IMPLEMENTATIONS = YES;
				CLANG_WARN_DIRECT_OBJC_ISA_USAGE = YES_ERROR;
				CLANG_WARN_DOCUMENTATION_COMMENTS = YES;
				CLANG_WARN_EMPTY_BODY = YES;
				CLANG_WARN_ENUM_CONVERSION = YES;
				CLANG_WARN_INFINITE_RECURSION = YES;
				CLANG_WARN_INT_CONVERSION = YES;
				CLANG_WARN_NON_LITERAL_NULL_CONVERSION = YES;
				CLANG_WARN_OBJC_IMPLICIT_RETAIN_SELF = YES;
				CLANG_WARN_OBJC_LITERAL_CONVERSION = YES;
				CLANG_WARN_OBJC_ROOT_CLASS = YES_ERROR;
				CLANG_WARN_QUOTED_INCLUDE_IN_FRAMEWORK_HEADER = YES;
				CLANG_WARN_RANGE_LOOP_ANALYSIS = YES;
				CLANG_WARN_STRICT_PROTOTYPES = YES;
				CLANG_WARN_SUSPICIOUS_MOVE = YES;
				CLANG_WARN_UNGUARDED_AVAILABILITY = YES_AGGRESSIVE;
				CLANG_WARN_UNREACHABLE_CODE = YES;
				CLANG_WARN__DUPLICATE_METHOD_MATCH = YES;
				COPY_PHASE_STRIP = NO;
				DEBUG_INFORMATION_FORMAT = "dwarf-with-dsym";
				ENABLE_NS_ASSERTIONS = NO;
				ENABLE_STRICT_OBJC_MSGSEND = YES;
				ENABLE_USER_SCRIPT_SANDBOXING = YES;
				GCC_C_LANGUAGE_STANDARD = gnu17;
				GCC_NO_COMMON_BLOCKS = YES;
				GCC_WARN_64_TO_32_BIT_CONVERSION = YES;
				GCC_WARN_ABOUT_RETURN_TYPE = YES_ERROR;
				GCC_WARN_UNDECLARED_SELECTOR = YES;
				GCC_WARN_UNINITIALIZED_AUTOS = YES_AGGRESSIVE;
				GCC_WARN_UNUSED_FUNCTION = YES;
				GCC_WARN_UNUSED_VARIABLE = YES;
				IPHONEOS_DEPLOYMENT_TARGET = 18.2;
				LOCALIZATION_PREFERS_STRING_CATALOGS = YES;
				MTL_ENABLE_DEBUG_INFO = NO;
				MTL_FAST_MATH = YES;
				SDKROOT = iphoneos;
				SWIFT_COMPILATION_MODE = wholemodule;
				VALIDATE_PRODUCT = YES;
			};
			name = Release;
		};
		191D112F2D678B090000E8FF /* Debug */ = {
			isa = XCBuildConfiguration;
			baseConfigurationReference = F5221750422D93BB1471645F /* Pods-BugItTaskTests.debug.xcconfig */;
			buildSettings = {
				BUNDLE_LOADER = "$(TEST_HOST)";
				CODE_SIGN_STYLE = Automatic;
				CURRENT_PROJECT_VERSION = 1;
				DEVELOPMENT_TEAM = 66J9DSZK6X;
				GENERATE_INFOPLIST_FILE = YES;
				IPHONEOS_DEPLOYMENT_TARGET = 18.2;
				MARKETING_VERSION = 1.0;
				PRODUCT_BUNDLE_IDENTIFIER = com.BugIt.Eslam.Task.BugItTaskTests;
				PRODUCT_NAME = "$(TARGET_NAME)";
				SWIFT_EMIT_LOC_STRINGS = NO;
				SWIFT_VERSION = 5.0;
				TARGETED_DEVICE_FAMILY = "1,2";
				TEST_HOST = "$(BUILT_PRODUCTS_DIR)/BugItTask.app/$(BUNDLE_EXECUTABLE_FOLDER_PATH)/BugItTask";
			};
			name = Debug;
		};
		191D11302D678B090000E8FF /* Release */ = {
			isa = XCBuildConfiguration;
			baseConfigurationReference = 541A37A033BD97A1CFFE67E4 /* Pods-BugItTaskTests.release.xcconfig */;
			buildSettings = {
				BUNDLE_LOADER = "$(TEST_HOST)";
				CODE_SIGN_STYLE = Automatic;
				CURRENT_PROJECT_VERSION = 1;
				DEVELOPMENT_TEAM = 66J9DSZK6X;
				GENERATE_INFOPLIST_FILE = YES;
				IPHONEOS_DEPLOYMENT_TARGET = 18.2;
				MARKETING_VERSION = 1.0;
				PRODUCT_BUNDLE_IDENTIFIER = com.BugIt.Eslam.Task.BugItTaskTests;
				PRODUCT_NAME = "$(TARGET_NAME)";
				SWIFT_EMIT_LOC_STRINGS = NO;
				SWIFT_VERSION = 5.0;
				TARGETED_DEVICE_FAMILY = "1,2";
				TEST_HOST = "$(BUILT_PRODUCTS_DIR)/BugItTask.app/$(BUNDLE_EXECUTABLE_FOLDER_PATH)/BugItTask";
			};
			name = Release;
		};
		191D11322D678B090000E8FF /* Debug */ = {
			isa = XCBuildConfiguration;
			baseConfigurationReference = 8A40D294E5FADFFD25E42DDB /* Pods-BugItTask-BugItTaskUITests.debug.xcconfig */;
			buildSettings = {
				CODE_SIGN_STYLE = Automatic;
				CURRENT_PROJECT_VERSION = 1;
				DEVELOPMENT_TEAM = 66J9DSZK6X;
				GENERATE_INFOPLIST_FILE = YES;
				MARKETING_VERSION = 1.0;
				PRODUCT_BUNDLE_IDENTIFIER = com.BugIt.Eslam.Task.BugItTaskUITests;
				PRODUCT_NAME = "$(TARGET_NAME)";
				SWIFT_EMIT_LOC_STRINGS = NO;
				SWIFT_VERSION = 5.0;
				TARGETED_DEVICE_FAMILY = "1,2";
				TEST_TARGET_NAME = BugItTask;
			};
			name = Debug;
		};
		191D11332D678B090000E8FF /* Release */ = {
			isa = XCBuildConfiguration;
			baseConfigurationReference = 5B86E7A26802FDE9E4F30C76 /* Pods-BugItTask-BugItTaskUITests.release.xcconfig */;
			buildSettings = {
				CODE_SIGN_STYLE = Automatic;
				CURRENT_PROJECT_VERSION = 1;
				DEVELOPMENT_TEAM = 66J9DSZK6X;
				GENERATE_INFOPLIST_FILE = YES;
				MARKETING_VERSION = 1.0;
				PRODUCT_BUNDLE_IDENTIFIER = com.BugIt.Eslam.Task.BugItTaskUITests;
				PRODUCT_NAME = "$(TARGET_NAME)";
				SWIFT_EMIT_LOC_STRINGS = NO;
				SWIFT_VERSION = 5.0;
				TARGETED_DEVICE_FAMILY = "1,2";
				TEST_TARGET_NAME = BugItTask;
			};
			name = Release;
		};
/* End XCBuildConfiguration section */

/* Begin XCConfigurationList section */
		191D10FB2D678B050000E8FF /* Build configuration list for PBXProject "BugItTask" */ = {
			isa = XCConfigurationList;
			buildConfigurations = (
				191D112C2D678B090000E8FF /* Debug */,
				191D112D2D678B090000E8FF /* Release */,
			);
			defaultConfigurationIsVisible = 0;
			defaultConfigurationName = Release;
		};
		191D11292D678B090000E8FF /* Build configuration list for PBXNativeTarget "BugItTask" */ = {
			isa = XCConfigurationList;
			buildConfigurations = (
				191D112A2D678B090000E8FF /* Debug */,
				191D112B2D678B090000E8FF /* Release */,
			);
			defaultConfigurationIsVisible = 0;
			defaultConfigurationName = Release;
		};
		191D112E2D678B090000E8FF /* Build configuration list for PBXNativeTarget "BugItTaskTests" */ = {
			isa = XCConfigurationList;
			buildConfigurations = (
				191D112F2D678B090000E8FF /* Debug */,
				191D11302D678B090000E8FF /* Release */,
			);
			defaultConfigurationIsVisible = 0;
			defaultConfigurationName = Release;
		};
		191D11312D678B090000E8FF /* Build configuration list for PBXNativeTarget "BugItTaskUITests" */ = {
			isa = XCConfigurationList;
			buildConfigurations = (
				191D11322D678B090000E8FF /* Debug */,
				191D11332D678B090000E8FF /* Release */,
			);
			defaultConfigurationIsVisible = 0;
			defaultConfigurationName = Release;
		};
/* End XCConfigurationList section */

/* Begin XCRemoteSwiftPackageReference section */
		196C8E812D69184500CF3D61 /* XCRemoteSwiftPackageReference "firebase-ios-sdk" */ = {
			isa = XCRemoteSwiftPackageReference;
			repositoryURL = "https://github.com/firebase/firebase-ios-sdk";
			requirement = {
				kind = upToNextMajorVersion;
				minimumVersion = 11.8.1;
			};
		};
/* End XCRemoteSwiftPackageReference section */

/* Begin XCSwiftPackageProductDependency section */
		196C8E822D69184500CF3D61 /* FirebaseDatabase */ = {
			isa = XCSwiftPackageProductDependency;
			package = 196C8E812D69184500CF3D61 /* XCRemoteSwiftPackageReference "firebase-ios-sdk" */;
			productName = FirebaseDatabase;
		};
		196C8E862D6919F000CF3D61 /* FirebaseStorage */ = {
			isa = XCSwiftPackageProductDependency;
			package = 196C8E812D69184500CF3D61 /* XCRemoteSwiftPackageReference "firebase-ios-sdk" */;
			productName = FirebaseStorage;
		};
/* End XCSwiftPackageProductDependency section */
	};
	rootObject = 191D10F82D678B050000E8FF /* Project object */;
}
